
Microsoft Visual Studio Solution File, Format Version 12.00
# Visual Studio 14
VisualStudioVersion = 14.0.24720.0
MinimumVisualStudioVersion = 10.0.40219.1
Project("{2150E333-8FDC-42A3-9474-1A3956D46DE8}") = "Data", "Data", "{BC2E32F9-852B-4D42-8C9F-0B7D677E7072}"
EndProject
Project("{FAE04EC0-301F-11D3-BF4B-00C04F79EFBC}") = "Blog.Data", "Blog.Data\Blog.Data.csproj", "{BFD88037-E366-4245-8721-0F62EA527F64}"
EndProject
Project("{FAE04EC0-301F-11D3-BF4B-00C04F79EFBC}") = "Blog.Data.Models", "Blog.Data.Models\Blog.Data.Models.csproj", "{1B835FD7-76B2-4880-B351-017E80A8AC81}"
EndProject
Project("{2150E333-8FDC-42A3-9474-1A3956D46DE8}") = "Services", "Services", "{3AAD08C5-A20F-422F-B2EA-8E84F97C9EED}"
EndProject
Project("{FAE04EC0-301F-11D3-BF4B-00C04F79EFBC}") = "Blog.Data.Common", "Blog.Data.Common\Blog.Data.Common.csproj", "{C32BE979-2325-4144-881B-5148B0F70442}"
EndProject
Global
	GlobalSection(SolutionConfigurationPlatforms) = preSolution
		Debug|Any CPU = Debug|Any CPU
		Release|Any CPU = Release|Any CPU
	EndGlobalSection
	GlobalSection(ProjectConfigurationPlatforms) = postSolution
		{BFD88037-E366-4245-8721-0F62EA527F64}.Debug|Any CPU.ActiveCfg = Debug|Any CPU
		{BFD88037-E366-4245-8721-0F62EA527F64}.Debug|Any CPU.Build.0 = Debug|Any CPU
		{BFD88037-E366-4245-8721-0F62EA527F64}.Release|Any CPU.ActiveCfg = Release|Any CPU
		{BFD88037-E366-4245-8721-0F62EA527F64}.Release|Any CPU.Build.0 = Release|Any CPU
		{1B835FD7-76B2-4880-B351-017E80A8AC81}.Debug|Any CPU.ActiveCfg = Debug|Any CPU
		{1B835FD7-76B2-4880-B351-017E80A8AC81}.Debug|Any CPU.Build.0 = Debug|Any CPU
		{1B835FD7-76B2-4880-B351-017E80A8AC81}.Release|Any CPU.ActiveCfg = Release|Any CPU
		{1B835FD7-76B2-4880-B351-017E80A8AC81}.Release|Any CPU.Build.0 = Release|Any CPU
		{C32BE979-2325-4144-881B-5148B0F70442}.Debug|Any CPU.ActiveCfg = Debug|Any CPU
		{C32BE979-2325-4144-881B-5148B0F70442}.Debug|Any CPU.Build.0 = Debug|Any CPU
		{C32BE979-2325-4144-881B-5148B0F70442}.Release|Any CPU.ActiveCfg = Release|Any CPU
		{C32BE979-2325-4144-881B-5148B0F70442}.Release|Any CPU.Build.0 = Release|Any CPU
	EndGlobalSection
	GlobalSection(SolutionProperties) = preSolution
		HideSolutionNode = FALSE
	EndGlobalSection
	GlobalSection(NestedProjects) = preSolution
		{BFD88037-E366-4245-8721-0F62EA527F64} = {BC2E32F9-852B-4D42-8C9F-0B7D677E7072}
		{1B835FD7-76B2-4880-B351-017E80A8AC81} = {BC2E32F9-852B-4D42-8C9F-0B7D677E7072}
		{C32BE979-2325-4144-881B-5148B0F70442} = {BC2E32F9-852B-4D42-8C9F-0B7D677E7072}
	EndGlobalSection
EndGlobal
